
Microsoft Visual Studio Solution File, Format Version 12.00
# Visual Studio 2012
Project("{262852C6-CD72-467D-83FE-5EEB1973A190}") = "Solvberget.Metro", "src\Solvberget.Metro\Solvberget.Metro.jsproj", "{6A9BD7D1-7EF3-44CD-8B39-B4EB0DAADC04}"
EndProject
Project("{FAE04EC0-301F-11D3-BF4B-00C04F79EFBC}") = "Solvberget.Tests", "test\Solvberget.Tests\Solvberget.Tests.csproj", "{9426CD77-75BA-4FC1-BB17-19D687AC12EC}"
EndProject
Project("{FAE04EC0-301F-11D3-BF4B-00C04F79EFBC}") = "Solvberget.Domain", "src\Solvberget.Domain\Solvberget.Domain.csproj", "{7EB0D844-7622-4F0D-A103-C326C6FA1293}"
EndProject
Project("{FAE04EC0-301F-11D3-BF4B-00C04F79EFBC}") = "Solvberget.WindowsService", "src\Solvberget.WindowsService\Solvberget.WindowsService.csproj", "{2165682B-2B4F-416E-B88F-07C70D5BE84D}"
EndProject
Project("{2150E333-8FDC-42A3-9474-1A3956D46DE8}") = ".nuget", ".nuget", "{033C6AD7-D58B-4FD3-83E5-CB2A19BC02C9}"
	ProjectSection(SolutionItems) = preProject
		.nuget\NuGet.Config = .nuget\NuGet.Config
		.nuget\NuGet.exe = .nuget\NuGet.exe
		.nuget\NuGet.targets = .nuget\NuGet.targets
	EndProjectSection
EndProject
Project("{FAE04EC0-301F-11D3-BF4B-00C04F79EFBC}") = "Solvberget.Nancy", "src\Solvberget.Nancy\Solvberget.Nancy.csproj", "{D13FEED6-66AC-4D3F-8A07-1EC40387A0CF}"
EndProject
Global
	GlobalSection(SolutionConfigurationPlatforms) = preSolution
		Debug|Any CPU = Debug|Any CPU
		Debug|ARM = Debug|ARM
		Debug|x64 = Debug|x64
		Debug|x86 = Debug|x86
		Release|Any CPU = Release|Any CPU
		Release|ARM = Release|ARM
		Release|x64 = Release|x64
		Release|x86 = Release|x86
	EndGlobalSection
	GlobalSection(ProjectConfigurationPlatforms) = postSolution
		{6A9BD7D1-7EF3-44CD-8B39-B4EB0DAADC04}.Debug|Any CPU.ActiveCfg = Release|Any CPU
		{6A9BD7D1-7EF3-44CD-8B39-B4EB0DAADC04}.Debug|Any CPU.Build.0 = Release|Any CPU
		{6A9BD7D1-7EF3-44CD-8B39-B4EB0DAADC04}.Debug|Any CPU.Deploy.0 = Release|Any CPU
		{6A9BD7D1-7EF3-44CD-8B39-B4EB0DAADC04}.Debug|ARM.ActiveCfg = Debug|ARM
		{6A9BD7D1-7EF3-44CD-8B39-B4EB0DAADC04}.Debug|ARM.Build.0 = Debug|ARM
		{6A9BD7D1-7EF3-44CD-8B39-B4EB0DAADC04}.Debug|ARM.Deploy.0 = Debug|ARM
		{6A9BD7D1-7EF3-44CD-8B39-B4EB0DAADC04}.Debug|x64.ActiveCfg = Debug|x64
		{6A9BD7D1-7EF3-44CD-8B39-B4EB0DAADC04}.Debug|x64.Build.0 = Debug|x64
		{6A9BD7D1-7EF3-44CD-8B39-B4EB0DAADC04}.Debug|x64.Deploy.0 = Debug|x64
		{6A9BD7D1-7EF3-44CD-8B39-B4EB0DAADC04}.Debug|x86.ActiveCfg = Debug|x86
		{6A9BD7D1-7EF3-44CD-8B39-B4EB0DAADC04}.Debug|x86.Build.0 = Debug|x86
		{6A9BD7D1-7EF3-44CD-8B39-B4EB0DAADC04}.Debug|x86.Deploy.0 = Debug|x86
		{6A9BD7D1-7EF3-44CD-8B39-B4EB0DAADC04}.Release|Any CPU.ActiveCfg = Release|Any CPU
		{6A9BD7D1-7EF3-44CD-8B39-B4EB0DAADC04}.Release|Any CPU.Build.0 = Release|Any CPU
		{6A9BD7D1-7EF3-44CD-8B39-B4EB0DAADC04}.Release|Any CPU.Deploy.0 = Release|Any CPU
		{6A9BD7D1-7EF3-44CD-8B39-B4EB0DAADC04}.Release|ARM.ActiveCfg = Release|ARM
		{6A9BD7D1-7EF3-44CD-8B39-B4EB0DAADC04}.Release|ARM.Build.0 = Release|ARM
		{6A9BD7D1-7EF3-44CD-8B39-B4EB0DAADC04}.Release|ARM.Deploy.0 = Release|ARM
		{6A9BD7D1-7EF3-44CD-8B39-B4EB0DAADC04}.Release|x64.ActiveCfg = Release|x64
		{6A9BD7D1-7EF3-44CD-8B39-B4EB0DAADC04}.Release|x64.Build.0 = Release|x64
		{6A9BD7D1-7EF3-44CD-8B39-B4EB0DAADC04}.Release|x64.Deploy.0 = Release|x64
		{6A9BD7D1-7EF3-44CD-8B39-B4EB0DAADC04}.Release|x86.ActiveCfg = Release|x86
		{6A9BD7D1-7EF3-44CD-8B39-B4EB0DAADC04}.Release|x86.Build.0 = Release|x86
		{6A9BD7D1-7EF3-44CD-8B39-B4EB0DAADC04}.Release|x86.Deploy.0 = Release|x86
		{9426CD77-75BA-4FC1-BB17-19D687AC12EC}.Debug|Any CPU.ActiveCfg = Debug|Any CPU
		{9426CD77-75BA-4FC1-BB17-19D687AC12EC}.Debug|Any CPU.Build.0 = Debug|Any CPU
		{9426CD77-75BA-4FC1-BB17-19D687AC12EC}.Debug|ARM.ActiveCfg = Debug|Any CPU
		{9426CD77-75BA-4FC1-BB17-19D687AC12EC}.Debug|x64.ActiveCfg = Debug|Any CPU
		{9426CD77-75BA-4FC1-BB17-19D687AC12EC}.Debug|x86.ActiveCfg = Debug|Any CPU
		{9426CD77-75BA-4FC1-BB17-19D687AC12EC}.Release|Any CPU.ActiveCfg = Release|Any CPU
		{9426CD77-75BA-4FC1-BB17-19D687AC12EC}.Release|Any CPU.Build.0 = Release|Any CPU
		{9426CD77-75BA-4FC1-BB17-19D687AC12EC}.Release|ARM.ActiveCfg = Release|Any CPU
		{9426CD77-75BA-4FC1-BB17-19D687AC12EC}.Release|x64.ActiveCfg = Release|Any CPU
		{9426CD77-75BA-4FC1-BB17-19D687AC12EC}.Release|x86.ActiveCfg = Release|Any CPU
		{7EB0D844-7622-4F0D-A103-C326C6FA1293}.Debug|Any CPU.ActiveCfg = Debug|Any CPU
		{7EB0D844-7622-4F0D-A103-C326C6FA1293}.Debug|Any CPU.Build.0 = Debug|Any CPU
		{7EB0D844-7622-4F0D-A103-C326C6FA1293}.Debug|ARM.ActiveCfg = Debug|Any CPU
		{7EB0D844-7622-4F0D-A103-C326C6FA1293}.Debug|x64.ActiveCfg = Debug|Any CPU
		{7EB0D844-7622-4F0D-A103-C326C6FA1293}.Debug|x86.ActiveCfg = Debug|Any CPU
		{7EB0D844-7622-4F0D-A103-C326C6FA1293}.Release|Any CPU.ActiveCfg = Release|Any CPU
		{7EB0D844-7622-4F0D-A103-C326C6FA1293}.Release|Any CPU.Build.0 = Release|Any CPU
		{7EB0D844-7622-4F0D-A103-C326C6FA1293}.Release|ARM.ActiveCfg = Release|Any CPU
		{7EB0D844-7622-4F0D-A103-C326C6FA1293}.Release|x64.ActiveCfg = Release|Any CPU
		{7EB0D844-7622-4F0D-A103-C326C6FA1293}.Release|x86.ActiveCfg = Release|Any CPU
		{2165682B-2B4F-416E-B88F-07C70D5BE84D}.Debug|Any CPU.ActiveCfg = Debug|Any CPU
		{2165682B-2B4F-416E-B88F-07C70D5BE84D}.Debug|Any CPU.Build.0 = Debug|Any CPU
		{2165682B-2B4F-416E-B88F-07C70D5BE84D}.Debug|ARM.ActiveCfg = Debug|Any CPU
		{2165682B-2B4F-416E-B88F-07C70D5BE84D}.Debug|x64.ActiveCfg = Debug|Any CPU
		{2165682B-2B4F-416E-B88F-07C70D5BE84D}.Debug|x86.ActiveCfg = Debug|Any CPU
		{2165682B-2B4F-416E-B88F-07C70D5BE84D}.Release|Any CPU.ActiveCfg = Release|Any CPU
		{2165682B-2B4F-416E-B88F-07C70D5BE84D}.Release|Any CPU.Build.0 = Release|Any CPU
		{2165682B-2B4F-416E-B88F-07C70D5BE84D}.Release|ARM.ActiveCfg = Release|Any CPU
		{2165682B-2B4F-416E-B88F-07C70D5BE84D}.Release|x64.ActiveCfg = Release|Any CPU
		{2165682B-2B4F-416E-B88F-07C70D5BE84D}.Release|x86.ActiveCfg = Release|Any CPU
		{D13FEED6-66AC-4D3F-8A07-1EC40387A0CF}.Debug|Any CPU.ActiveCfg = Debug|Any CPU
		{D13FEED6-66AC-4D3F-8A07-1EC40387A0CF}.Debug|Any CPU.Build.0 = Debug|Any CPU
		{D13FEED6-66AC-4D3F-8A07-1EC40387A0CF}.Debug|ARM.ActiveCfg = Debug|Any CPU
		{D13FEED6-66AC-4D3F-8A07-1EC40387A0CF}.Debug|x64.ActiveCfg = Debug|Any CPU
		{D13FEED6-66AC-4D3F-8A07-1EC40387A0CF}.Debug|x86.ActiveCfg = Debug|Any CPU
		{D13FEED6-66AC-4D3F-8A07-1EC40387A0CF}.Release|Any CPU.ActiveCfg = Release|Any CPU
		{D13FEED6-66AC-4D3F-8A07-1EC40387A0CF}.Release|Any CPU.Build.0 = Release|Any CPU
		{D13FEED6-66AC-4D3F-8A07-1EC40387A0CF}.Release|ARM.ActiveCfg = Release|Any CPU
		{D13FEED6-66AC-4D3F-8A07-1EC40387A0CF}.Release|x64.ActiveCfg = Release|Any CPU
		{D13FEED6-66AC-4D3F-8A07-1EC40387A0CF}.Release|x86.ActiveCfg = Release|Any CPU
	EndGlobalSection
	GlobalSection(SolutionProperties) = preSolution
		HideSolutionNode = FALSE
	EndGlobalSection
EndGlobal
