
Microsoft Visual Studio Solution File, Format Version 12.00
# Visual Studio 2012
Project("{262852C6-CD72-467D-83FE-5EEB1973A190}") = "Solvberget.Metro", "src\Solvberget.Metro\Solvberget.Metro.jsproj", "{6A9BD7D1-7EF3-44CD-8B39-B4EB0DAADC04}"
EndProject
Project("{FAE04EC0-301F-11D3-BF4B-00C04F79EFBC}") = "Solvberget.Tests", "test\Solvberget.Tests\Solvberget.Tests.csproj", "{9426CD77-75BA-4FC1-BB17-19D687AC12EC}"
EndProject
Project("{FAE04EC0-301F-11D3-BF4B-00C04F79EFBC}") = "Solvberget.Domain", "src\Solvberget.Domain\Solvberget.Domain.csproj", "{7EB0D844-7622-4F0D-A103-C326C6FA1293}"
EndProject
Project("{FAE04EC0-301F-11D3-BF4B-00C04F79EFBC}") = "Solvberget.WindowsService", "src\Solvberget.WindowsService\Solvberget.WindowsService.csproj", "{2165682B-2B4F-416E-B88F-07C70D5BE84D}"
EndProject
Project("{2150E333-8FDC-42A3-9474-1A3956D46DE8}") = ".nuget", ".nuget", "{033C6AD7-D58B-4FD3-83E5-CB2A19BC02C9}"
	ProjectSection(SolutionItems) = preProject
		.nuget\NuGet.Config = .nuget\NuGet.Config
		.nuget\NuGet.exe = .nuget\NuGet.exe
		.nuget\NuGet.targets = .nuget\NuGet.targets
	EndProjectSection
EndProject
Project("{FAE04EC0-301F-11D3-BF4B-00C04F79EFBC}") = "Solvberget.Nancy", "src\Solvberget.Nancy\Solvberget.Nancy.csproj", "{D13FEED6-66AC-4D3F-8A07-1EC40387A0CF}"
EndProject
Project("{FAE04EC0-301F-11D3-BF4B-00C04F79EFBC}") = "Solvberget.Core", "src\Solvberget\Solvberget.Core\Solvberget.Core.csproj", "{747706F4-ECBF-4D50-8D72-B0DDCC18395C}"
EndProject
Project("{FAE04EC0-301F-11D3-BF4B-00C04F79EFBC}") = "Solvberget.Core.Tests", "test\Solvberget.Core.Tests\Solvberget.Core.Tests.csproj", "{79E792BB-351D-4CC8-B43E-CF8BF02F6F36}"
EndProject
Project("{FAE04EC0-301F-11D3-BF4B-00C04F79EFBC}") = "Solvberget.Droid", "src\Solvberget\Solvberget.Droid\Solvberget.Droid.csproj", "{4AF4487D-0C3E-4384-BA68-62CB1680C648}"
EndProject
Project("{FAE04EC0-301F-11D3-BF4B-00C04F79EFBC}") = "Solvberget.iOS", "src\Solvberget\Solvberget.iOS\Solvberget.iOS.csproj", "{B061316A-F386-4FE2-93B7-555584234FF8}"
EndProject
Project("{FAE04EC0-301F-11D3-BF4B-00C04F79EFBC}") = "Solvberget.Core.DTOs", "src\Solvberget.Core.DTOs\Solvberget.Core.DTOs.csproj", "{C74B2533-6F19-4047-A4D0-434A1FE5F027}"
EndProject
Project("{2150E333-8FDC-42A3-9474-1A3956D46DE8}") = "src", "src", "{162B0AAB-BC32-45B0-AD07-B7437A005060}"
EndProject
Project("{2150E333-8FDC-42A3-9474-1A3956D46DE8}") = "build", "build", "{E588C1F6-2748-4245-9CF3-C3F41548F087}"
	ProjectSection(SolutionItems) = preProject
		build\Build.proj = build\Build.proj
	EndProjectSection
EndProject
Project("{2150E333-8FDC-42A3-9474-1A3956D46DE8}") = "test", "test", "{20EC3C82-E249-4417-8F7C-3A24D06A8802}"
EndProject
Project("{FAE04EC0-301F-11D3-BF4B-00C04F79EFBC}") = "Solvberget.Nancy.Tests", "test\Solvberget.Nancy.Tests\Solvberget.Nancy.Tests.csproj", "{76B0C29A-860E-4E24-8E4E-44E54AEF838B}"
EndProject
Global
	GlobalSection(SolutionConfigurationPlatforms) = preSolution
		Ad-Hoc|Any CPU = Ad-Hoc|Any CPU
		Ad-Hoc|ARM = Ad-Hoc|ARM
		Ad-Hoc|iPhone = Ad-Hoc|iPhone
		Ad-Hoc|iPhoneSimulator = Ad-Hoc|iPhoneSimulator
		Ad-Hoc|Mixed Platforms = Ad-Hoc|Mixed Platforms
		Ad-Hoc|x64 = Ad-Hoc|x64
		Ad-Hoc|x86 = Ad-Hoc|x86
		AppStore|Any CPU = AppStore|Any CPU
		AppStore|ARM = AppStore|ARM
		AppStore|iPhone = AppStore|iPhone
		AppStore|iPhoneSimulator = AppStore|iPhoneSimulator
		AppStore|Mixed Platforms = AppStore|Mixed Platforms
		AppStore|x64 = AppStore|x64
		AppStore|x86 = AppStore|x86
		CI|Any CPU = CI|Any CPU
		CI|ARM = CI|ARM
		CI|iPhone = CI|iPhone
		CI|iPhoneSimulator = CI|iPhoneSimulator
		CI|Mixed Platforms = CI|Mixed Platforms
		CI|x64 = CI|x64
		CI|x86 = CI|x86
		Debug|Any CPU = Debug|Any CPU
		Debug|ARM = Debug|ARM
		Debug|iPhone = Debug|iPhone
		Debug|iPhoneSimulator = Debug|iPhoneSimulator
		Debug|Mixed Platforms = Debug|Mixed Platforms
		Debug|x64 = Debug|x64
		Debug|x86 = Debug|x86
		Release|Any CPU = Release|Any CPU
		Release|ARM = Release|ARM
		Release|iPhone = Release|iPhone
		Release|iPhoneSimulator = Release|iPhoneSimulator
		Release|Mixed Platforms = Release|Mixed Platforms
		Release|x64 = Release|x64
		Release|x86 = Release|x86
	EndGlobalSection
	GlobalSection(ProjectConfigurationPlatforms) = postSolution
		{6A9BD7D1-7EF3-44CD-8B39-B4EB0DAADC04}.Ad-Hoc|Any CPU.ActiveCfg = Debug|Any CPU
		{6A9BD7D1-7EF3-44CD-8B39-B4EB0DAADC04}.Ad-Hoc|Any CPU.Build.0 = Debug|Any CPU
		{6A9BD7D1-7EF3-44CD-8B39-B4EB0DAADC04}.Ad-Hoc|Any CPU.Deploy.0 = Debug|Any CPU
		{6A9BD7D1-7EF3-44CD-8B39-B4EB0DAADC04}.Ad-Hoc|ARM.ActiveCfg = Release|ARM
		{6A9BD7D1-7EF3-44CD-8B39-B4EB0DAADC04}.Ad-Hoc|ARM.Build.0 = Release|ARM
		{6A9BD7D1-7EF3-44CD-8B39-B4EB0DAADC04}.Ad-Hoc|ARM.Deploy.0 = Release|ARM
		{6A9BD7D1-7EF3-44CD-8B39-B4EB0DAADC04}.Ad-Hoc|iPhone.ActiveCfg = Debug|Any CPU
		{6A9BD7D1-7EF3-44CD-8B39-B4EB0DAADC04}.Ad-Hoc|iPhoneSimulator.ActiveCfg = Debug|Any CPU
		{6A9BD7D1-7EF3-44CD-8B39-B4EB0DAADC04}.Ad-Hoc|Mixed Platforms.ActiveCfg = Release|x86
		{6A9BD7D1-7EF3-44CD-8B39-B4EB0DAADC04}.Ad-Hoc|Mixed Platforms.Build.0 = Release|x86
		{6A9BD7D1-7EF3-44CD-8B39-B4EB0DAADC04}.Ad-Hoc|Mixed Platforms.Deploy.0 = Release|x86
		{6A9BD7D1-7EF3-44CD-8B39-B4EB0DAADC04}.Ad-Hoc|x64.ActiveCfg = Release|x64
		{6A9BD7D1-7EF3-44CD-8B39-B4EB0DAADC04}.Ad-Hoc|x64.Build.0 = Release|x64
		{6A9BD7D1-7EF3-44CD-8B39-B4EB0DAADC04}.Ad-Hoc|x64.Deploy.0 = Release|x64
		{6A9BD7D1-7EF3-44CD-8B39-B4EB0DAADC04}.Ad-Hoc|x86.ActiveCfg = Release|x86
		{6A9BD7D1-7EF3-44CD-8B39-B4EB0DAADC04}.Ad-Hoc|x86.Build.0 = Release|x86
		{6A9BD7D1-7EF3-44CD-8B39-B4EB0DAADC04}.Ad-Hoc|x86.Deploy.0 = Release|x86
		{6A9BD7D1-7EF3-44CD-8B39-B4EB0DAADC04}.AppStore|Any CPU.ActiveCfg = Debug|Any CPU
		{6A9BD7D1-7EF3-44CD-8B39-B4EB0DAADC04}.AppStore|Any CPU.Build.0 = Debug|Any CPU
		{6A9BD7D1-7EF3-44CD-8B39-B4EB0DAADC04}.AppStore|Any CPU.Deploy.0 = Debug|Any CPU
		{6A9BD7D1-7EF3-44CD-8B39-B4EB0DAADC04}.AppStore|ARM.ActiveCfg = Release|ARM
		{6A9BD7D1-7EF3-44CD-8B39-B4EB0DAADC04}.AppStore|ARM.Build.0 = Release|ARM
		{6A9BD7D1-7EF3-44CD-8B39-B4EB0DAADC04}.AppStore|ARM.Deploy.0 = Release|ARM
		{6A9BD7D1-7EF3-44CD-8B39-B4EB0DAADC04}.AppStore|iPhone.ActiveCfg = Debug|Any CPU
		{6A9BD7D1-7EF3-44CD-8B39-B4EB0DAADC04}.AppStore|iPhoneSimulator.ActiveCfg = Debug|Any CPU
		{6A9BD7D1-7EF3-44CD-8B39-B4EB0DAADC04}.AppStore|Mixed Platforms.ActiveCfg = Release|x86
		{6A9BD7D1-7EF3-44CD-8B39-B4EB0DAADC04}.AppStore|Mixed Platforms.Build.0 = Release|x86
		{6A9BD7D1-7EF3-44CD-8B39-B4EB0DAADC04}.AppStore|Mixed Platforms.Deploy.0 = Release|x86
		{6A9BD7D1-7EF3-44CD-8B39-B4EB0DAADC04}.AppStore|x64.ActiveCfg = Release|x64
		{6A9BD7D1-7EF3-44CD-8B39-B4EB0DAADC04}.AppStore|x64.Build.0 = Release|x64
		{6A9BD7D1-7EF3-44CD-8B39-B4EB0DAADC04}.AppStore|x64.Deploy.0 = Release|x64
		{6A9BD7D1-7EF3-44CD-8B39-B4EB0DAADC04}.AppStore|x86.ActiveCfg = Release|x86
		{6A9BD7D1-7EF3-44CD-8B39-B4EB0DAADC04}.AppStore|x86.Build.0 = Release|x86
		{6A9BD7D1-7EF3-44CD-8B39-B4EB0DAADC04}.AppStore|x86.Deploy.0 = Release|x86
		{6A9BD7D1-7EF3-44CD-8B39-B4EB0DAADC04}.CI|Any CPU.ActiveCfg = CI|Any CPU
		{6A9BD7D1-7EF3-44CD-8B39-B4EB0DAADC04}.CI|ARM.ActiveCfg = CI|ARM
		{6A9BD7D1-7EF3-44CD-8B39-B4EB0DAADC04}.CI|ARM.Build.0 = CI|ARM
		{6A9BD7D1-7EF3-44CD-8B39-B4EB0DAADC04}.CI|ARM.Deploy.0 = CI|ARM
		{6A9BD7D1-7EF3-44CD-8B39-B4EB0DAADC04}.CI|iPhone.ActiveCfg = CI|Any CPU
		{6A9BD7D1-7EF3-44CD-8B39-B4EB0DAADC04}.CI|iPhoneSimulator.ActiveCfg = CI|Any CPU
		{6A9BD7D1-7EF3-44CD-8B39-B4EB0DAADC04}.CI|Mixed Platforms.ActiveCfg = CI|x86
		{6A9BD7D1-7EF3-44CD-8B39-B4EB0DAADC04}.CI|x64.ActiveCfg = CI|x64
		{6A9BD7D1-7EF3-44CD-8B39-B4EB0DAADC04}.CI|x64.Build.0 = CI|x64
		{6A9BD7D1-7EF3-44CD-8B39-B4EB0DAADC04}.CI|x64.Deploy.0 = CI|x64
		{6A9BD7D1-7EF3-44CD-8B39-B4EB0DAADC04}.CI|x86.ActiveCfg = CI|x86
		{6A9BD7D1-7EF3-44CD-8B39-B4EB0DAADC04}.CI|x86.Build.0 = CI|x86
		{6A9BD7D1-7EF3-44CD-8B39-B4EB0DAADC04}.CI|x86.Deploy.0 = CI|x86
		{6A9BD7D1-7EF3-44CD-8B39-B4EB0DAADC04}.Debug|Any CPU.ActiveCfg = Debug|Any CPU
		{6A9BD7D1-7EF3-44CD-8B39-B4EB0DAADC04}.Debug|Any CPU.Build.0 = Debug|Any CPU
		{6A9BD7D1-7EF3-44CD-8B39-B4EB0DAADC04}.Debug|Any CPU.Deploy.0 = Debug|Any CPU
		{6A9BD7D1-7EF3-44CD-8B39-B4EB0DAADC04}.Debug|ARM.ActiveCfg = Debug|ARM
		{6A9BD7D1-7EF3-44CD-8B39-B4EB0DAADC04}.Debug|ARM.Build.0 = Debug|ARM
		{6A9BD7D1-7EF3-44CD-8B39-B4EB0DAADC04}.Debug|ARM.Deploy.0 = Debug|ARM
		{6A9BD7D1-7EF3-44CD-8B39-B4EB0DAADC04}.Debug|iPhone.ActiveCfg = Debug|Any CPU
		{6A9BD7D1-7EF3-44CD-8B39-B4EB0DAADC04}.Debug|iPhoneSimulator.ActiveCfg = Debug|Any CPU
		{6A9BD7D1-7EF3-44CD-8B39-B4EB0DAADC04}.Debug|Mixed Platforms.ActiveCfg = Debug|x86
		{6A9BD7D1-7EF3-44CD-8B39-B4EB0DAADC04}.Debug|Mixed Platforms.Build.0 = Debug|x86
		{6A9BD7D1-7EF3-44CD-8B39-B4EB0DAADC04}.Debug|Mixed Platforms.Deploy.0 = Debug|x86
		{6A9BD7D1-7EF3-44CD-8B39-B4EB0DAADC04}.Debug|x64.ActiveCfg = Debug|x64
		{6A9BD7D1-7EF3-44CD-8B39-B4EB0DAADC04}.Debug|x64.Build.0 = Debug|x64
		{6A9BD7D1-7EF3-44CD-8B39-B4EB0DAADC04}.Debug|x64.Deploy.0 = Debug|x64
		{6A9BD7D1-7EF3-44CD-8B39-B4EB0DAADC04}.Debug|x86.ActiveCfg = Debug|x86
		{6A9BD7D1-7EF3-44CD-8B39-B4EB0DAADC04}.Debug|x86.Build.0 = Debug|x86
		{6A9BD7D1-7EF3-44CD-8B39-B4EB0DAADC04}.Debug|x86.Deploy.0 = Debug|x86
		{6A9BD7D1-7EF3-44CD-8B39-B4EB0DAADC04}.Release|Any CPU.ActiveCfg = Release|Any CPU
		{6A9BD7D1-7EF3-44CD-8B39-B4EB0DAADC04}.Release|Any CPU.Build.0 = Release|Any CPU
		{6A9BD7D1-7EF3-44CD-8B39-B4EB0DAADC04}.Release|Any CPU.Deploy.0 = Release|Any CPU
		{6A9BD7D1-7EF3-44CD-8B39-B4EB0DAADC04}.Release|ARM.ActiveCfg = Release|ARM
		{6A9BD7D1-7EF3-44CD-8B39-B4EB0DAADC04}.Release|ARM.Build.0 = Release|ARM
		{6A9BD7D1-7EF3-44CD-8B39-B4EB0DAADC04}.Release|ARM.Deploy.0 = Release|ARM
		{6A9BD7D1-7EF3-44CD-8B39-B4EB0DAADC04}.Release|iPhone.ActiveCfg = Release|Any CPU
		{6A9BD7D1-7EF3-44CD-8B39-B4EB0DAADC04}.Release|iPhoneSimulator.ActiveCfg = Release|Any CPU
		{6A9BD7D1-7EF3-44CD-8B39-B4EB0DAADC04}.Release|Mixed Platforms.ActiveCfg = Release|x86
		{6A9BD7D1-7EF3-44CD-8B39-B4EB0DAADC04}.Release|Mixed Platforms.Build.0 = Release|x86
		{6A9BD7D1-7EF3-44CD-8B39-B4EB0DAADC04}.Release|Mixed Platforms.Deploy.0 = Release|x86
		{6A9BD7D1-7EF3-44CD-8B39-B4EB0DAADC04}.Release|x64.ActiveCfg = Release|x64
		{6A9BD7D1-7EF3-44CD-8B39-B4EB0DAADC04}.Release|x64.Build.0 = Release|x64
		{6A9BD7D1-7EF3-44CD-8B39-B4EB0DAADC04}.Release|x64.Deploy.0 = Release|x64
		{6A9BD7D1-7EF3-44CD-8B39-B4EB0DAADC04}.Release|x86.ActiveCfg = Release|x86
		{6A9BD7D1-7EF3-44CD-8B39-B4EB0DAADC04}.Release|x86.Build.0 = Release|x86
		{6A9BD7D1-7EF3-44CD-8B39-B4EB0DAADC04}.Release|x86.Deploy.0 = Release|x86
		{9426CD77-75BA-4FC1-BB17-19D687AC12EC}.Ad-Hoc|Any CPU.ActiveCfg = Release|Any CPU
		{9426CD77-75BA-4FC1-BB17-19D687AC12EC}.Ad-Hoc|Any CPU.Build.0 = Release|Any CPU
		{9426CD77-75BA-4FC1-BB17-19D687AC12EC}.Ad-Hoc|ARM.ActiveCfg = Release|Any CPU
		{9426CD77-75BA-4FC1-BB17-19D687AC12EC}.Ad-Hoc|iPhone.ActiveCfg = Release|Any CPU
		{9426CD77-75BA-4FC1-BB17-19D687AC12EC}.Ad-Hoc|iPhoneSimulator.ActiveCfg = Release|Any CPU
		{9426CD77-75BA-4FC1-BB17-19D687AC12EC}.Ad-Hoc|Mixed Platforms.ActiveCfg = Release|Any CPU
		{9426CD77-75BA-4FC1-BB17-19D687AC12EC}.Ad-Hoc|Mixed Platforms.Build.0 = Release|Any CPU
		{9426CD77-75BA-4FC1-BB17-19D687AC12EC}.Ad-Hoc|x64.ActiveCfg = Release|Any CPU
		{9426CD77-75BA-4FC1-BB17-19D687AC12EC}.Ad-Hoc|x86.ActiveCfg = Release|Any CPU
		{9426CD77-75BA-4FC1-BB17-19D687AC12EC}.AppStore|Any CPU.ActiveCfg = Release|Any CPU
		{9426CD77-75BA-4FC1-BB17-19D687AC12EC}.AppStore|Any CPU.Build.0 = Release|Any CPU
		{9426CD77-75BA-4FC1-BB17-19D687AC12EC}.AppStore|ARM.ActiveCfg = Release|Any CPU
		{9426CD77-75BA-4FC1-BB17-19D687AC12EC}.AppStore|iPhone.ActiveCfg = Release|Any CPU
		{9426CD77-75BA-4FC1-BB17-19D687AC12EC}.AppStore|iPhoneSimulator.ActiveCfg = Release|Any CPU
		{9426CD77-75BA-4FC1-BB17-19D687AC12EC}.AppStore|Mixed Platforms.ActiveCfg = Release|Any CPU
		{9426CD77-75BA-4FC1-BB17-19D687AC12EC}.AppStore|Mixed Platforms.Build.0 = Release|Any CPU
		{9426CD77-75BA-4FC1-BB17-19D687AC12EC}.AppStore|x64.ActiveCfg = Release|Any CPU
		{9426CD77-75BA-4FC1-BB17-19D687AC12EC}.AppStore|x86.ActiveCfg = Release|Any CPU
		{9426CD77-75BA-4FC1-BB17-19D687AC12EC}.CI|Any CPU.ActiveCfg = CI|Any CPU
		{9426CD77-75BA-4FC1-BB17-19D687AC12EC}.CI|Any CPU.Build.0 = CI|Any CPU
		{9426CD77-75BA-4FC1-BB17-19D687AC12EC}.CI|ARM.ActiveCfg = CI|Any CPU
		{9426CD77-75BA-4FC1-BB17-19D687AC12EC}.CI|iPhone.ActiveCfg = CI|Any CPU
		{9426CD77-75BA-4FC1-BB17-19D687AC12EC}.CI|iPhoneSimulator.ActiveCfg = CI|Any CPU
		{9426CD77-75BA-4FC1-BB17-19D687AC12EC}.CI|Mixed Platforms.ActiveCfg = CI|Any CPU
		{9426CD77-75BA-4FC1-BB17-19D687AC12EC}.CI|Mixed Platforms.Build.0 = CI|Any CPU
		{9426CD77-75BA-4FC1-BB17-19D687AC12EC}.CI|x64.ActiveCfg = CI|Any CPU
		{9426CD77-75BA-4FC1-BB17-19D687AC12EC}.CI|x86.ActiveCfg = CI|Any CPU
		{9426CD77-75BA-4FC1-BB17-19D687AC12EC}.Debug|Any CPU.ActiveCfg = Debug|Any CPU
		{9426CD77-75BA-4FC1-BB17-19D687AC12EC}.Debug|Any CPU.Build.0 = Debug|Any CPU
		{9426CD77-75BA-4FC1-BB17-19D687AC12EC}.Debug|ARM.ActiveCfg = Debug|Any CPU
		{9426CD77-75BA-4FC1-BB17-19D687AC12EC}.Debug|iPhone.ActiveCfg = Debug|Any CPU
		{9426CD77-75BA-4FC1-BB17-19D687AC12EC}.Debug|iPhoneSimulator.ActiveCfg = Debug|Any CPU
		{9426CD77-75BA-4FC1-BB17-19D687AC12EC}.Debug|Mixed Platforms.ActiveCfg = Debug|Any CPU
		{9426CD77-75BA-4FC1-BB17-19D687AC12EC}.Debug|Mixed Platforms.Build.0 = Debug|Any CPU
		{9426CD77-75BA-4FC1-BB17-19D687AC12EC}.Debug|x64.ActiveCfg = Debug|Any CPU
		{9426CD77-75BA-4FC1-BB17-19D687AC12EC}.Debug|x86.ActiveCfg = Debug|Any CPU
		{9426CD77-75BA-4FC1-BB17-19D687AC12EC}.Release|Any CPU.ActiveCfg = Release|Any CPU
		{9426CD77-75BA-4FC1-BB17-19D687AC12EC}.Release|Any CPU.Build.0 = Release|Any CPU
		{9426CD77-75BA-4FC1-BB17-19D687AC12EC}.Release|ARM.ActiveCfg = Release|Any CPU
		{9426CD77-75BA-4FC1-BB17-19D687AC12EC}.Release|iPhone.ActiveCfg = Release|Any CPU
		{9426CD77-75BA-4FC1-BB17-19D687AC12EC}.Release|iPhoneSimulator.ActiveCfg = Release|Any CPU
		{9426CD77-75BA-4FC1-BB17-19D687AC12EC}.Release|Mixed Platforms.ActiveCfg = Release|Any CPU
		{9426CD77-75BA-4FC1-BB17-19D687AC12EC}.Release|Mixed Platforms.Build.0 = Release|Any CPU
		{9426CD77-75BA-4FC1-BB17-19D687AC12EC}.Release|x64.ActiveCfg = Release|Any CPU
		{9426CD77-75BA-4FC1-BB17-19D687AC12EC}.Release|x86.ActiveCfg = Release|Any CPU
		{7EB0D844-7622-4F0D-A103-C326C6FA1293}.Ad-Hoc|Any CPU.ActiveCfg = Release|Any CPU
		{7EB0D844-7622-4F0D-A103-C326C6FA1293}.Ad-Hoc|Any CPU.Build.0 = Release|Any CPU
		{7EB0D844-7622-4F0D-A103-C326C6FA1293}.Ad-Hoc|ARM.ActiveCfg = Release|Any CPU
		{7EB0D844-7622-4F0D-A103-C326C6FA1293}.Ad-Hoc|iPhone.ActiveCfg = Release|Any CPU
		{7EB0D844-7622-4F0D-A103-C326C6FA1293}.Ad-Hoc|iPhoneSimulator.ActiveCfg = Release|Any CPU
		{7EB0D844-7622-4F0D-A103-C326C6FA1293}.Ad-Hoc|Mixed Platforms.ActiveCfg = Release|Any CPU
		{7EB0D844-7622-4F0D-A103-C326C6FA1293}.Ad-Hoc|Mixed Platforms.Build.0 = Release|Any CPU
		{7EB0D844-7622-4F0D-A103-C326C6FA1293}.Ad-Hoc|x64.ActiveCfg = Release|Any CPU
		{7EB0D844-7622-4F0D-A103-C326C6FA1293}.Ad-Hoc|x86.ActiveCfg = Release|Any CPU
		{7EB0D844-7622-4F0D-A103-C326C6FA1293}.AppStore|Any CPU.ActiveCfg = Release|Any CPU
		{7EB0D844-7622-4F0D-A103-C326C6FA1293}.AppStore|Any CPU.Build.0 = Release|Any CPU
		{7EB0D844-7622-4F0D-A103-C326C6FA1293}.AppStore|ARM.ActiveCfg = Release|Any CPU
		{7EB0D844-7622-4F0D-A103-C326C6FA1293}.AppStore|iPhone.ActiveCfg = Release|Any CPU
		{7EB0D844-7622-4F0D-A103-C326C6FA1293}.AppStore|iPhoneSimulator.ActiveCfg = Release|Any CPU
		{7EB0D844-7622-4F0D-A103-C326C6FA1293}.AppStore|Mixed Platforms.ActiveCfg = Release|Any CPU
		{7EB0D844-7622-4F0D-A103-C326C6FA1293}.AppStore|Mixed Platforms.Build.0 = Release|Any CPU
		{7EB0D844-7622-4F0D-A103-C326C6FA1293}.AppStore|x64.ActiveCfg = Release|Any CPU
		{7EB0D844-7622-4F0D-A103-C326C6FA1293}.AppStore|x86.ActiveCfg = Release|Any CPU
		{7EB0D844-7622-4F0D-A103-C326C6FA1293}.CI|Any CPU.ActiveCfg = CI|Any CPU
		{7EB0D844-7622-4F0D-A103-C326C6FA1293}.CI|Any CPU.Build.0 = CI|Any CPU
		{7EB0D844-7622-4F0D-A103-C326C6FA1293}.CI|ARM.ActiveCfg = CI|Any CPU
		{7EB0D844-7622-4F0D-A103-C326C6FA1293}.CI|iPhone.ActiveCfg = CI|Any CPU
		{7EB0D844-7622-4F0D-A103-C326C6FA1293}.CI|iPhoneSimulator.ActiveCfg = CI|Any CPU
		{7EB0D844-7622-4F0D-A103-C326C6FA1293}.CI|Mixed Platforms.ActiveCfg = CI|Any CPU
		{7EB0D844-7622-4F0D-A103-C326C6FA1293}.CI|Mixed Platforms.Build.0 = CI|Any CPU
		{7EB0D844-7622-4F0D-A103-C326C6FA1293}.CI|x64.ActiveCfg = CI|Any CPU
		{7EB0D844-7622-4F0D-A103-C326C6FA1293}.CI|x86.ActiveCfg = CI|Any CPU
		{7EB0D844-7622-4F0D-A103-C326C6FA1293}.Debug|Any CPU.ActiveCfg = Debug|Any CPU
		{7EB0D844-7622-4F0D-A103-C326C6FA1293}.Debug|Any CPU.Build.0 = Debug|Any CPU
		{7EB0D844-7622-4F0D-A103-C326C6FA1293}.Debug|ARM.ActiveCfg = Debug|Any CPU
		{7EB0D844-7622-4F0D-A103-C326C6FA1293}.Debug|iPhone.ActiveCfg = Debug|Any CPU
		{7EB0D844-7622-4F0D-A103-C326C6FA1293}.Debug|iPhoneSimulator.ActiveCfg = Debug|Any CPU
		{7EB0D844-7622-4F0D-A103-C326C6FA1293}.Debug|Mixed Platforms.ActiveCfg = Debug|Any CPU
		{7EB0D844-7622-4F0D-A103-C326C6FA1293}.Debug|Mixed Platforms.Build.0 = Debug|Any CPU
		{7EB0D844-7622-4F0D-A103-C326C6FA1293}.Debug|x64.ActiveCfg = Debug|Any CPU
		{7EB0D844-7622-4F0D-A103-C326C6FA1293}.Debug|x86.ActiveCfg = Debug|Any CPU
		{7EB0D844-7622-4F0D-A103-C326C6FA1293}.Release|Any CPU.ActiveCfg = Release|Any CPU
		{7EB0D844-7622-4F0D-A103-C326C6FA1293}.Release|Any CPU.Build.0 = Release|Any CPU
		{7EB0D844-7622-4F0D-A103-C326C6FA1293}.Release|ARM.ActiveCfg = Release|Any CPU
		{7EB0D844-7622-4F0D-A103-C326C6FA1293}.Release|iPhone.ActiveCfg = Release|Any CPU
		{7EB0D844-7622-4F0D-A103-C326C6FA1293}.Release|iPhoneSimulator.ActiveCfg = Release|Any CPU
		{7EB0D844-7622-4F0D-A103-C326C6FA1293}.Release|Mixed Platforms.ActiveCfg = Release|Any CPU
		{7EB0D844-7622-4F0D-A103-C326C6FA1293}.Release|Mixed Platforms.Build.0 = Release|Any CPU
		{7EB0D844-7622-4F0D-A103-C326C6FA1293}.Release|x64.ActiveCfg = Release|Any CPU
		{7EB0D844-7622-4F0D-A103-C326C6FA1293}.Release|x86.ActiveCfg = Release|Any CPU
		{2165682B-2B4F-416E-B88F-07C70D5BE84D}.Ad-Hoc|Any CPU.ActiveCfg = Release|Any CPU
		{2165682B-2B4F-416E-B88F-07C70D5BE84D}.Ad-Hoc|Any CPU.Build.0 = Release|Any CPU
		{2165682B-2B4F-416E-B88F-07C70D5BE84D}.Ad-Hoc|ARM.ActiveCfg = Release|Any CPU
		{2165682B-2B4F-416E-B88F-07C70D5BE84D}.Ad-Hoc|iPhone.ActiveCfg = Release|Any CPU
		{2165682B-2B4F-416E-B88F-07C70D5BE84D}.Ad-Hoc|iPhoneSimulator.ActiveCfg = Release|Any CPU
		{2165682B-2B4F-416E-B88F-07C70D5BE84D}.Ad-Hoc|Mixed Platforms.ActiveCfg = Release|Any CPU
		{2165682B-2B4F-416E-B88F-07C70D5BE84D}.Ad-Hoc|Mixed Platforms.Build.0 = Release|Any CPU
		{2165682B-2B4F-416E-B88F-07C70D5BE84D}.Ad-Hoc|x64.ActiveCfg = Release|Any CPU
		{2165682B-2B4F-416E-B88F-07C70D5BE84D}.Ad-Hoc|x86.ActiveCfg = Release|Any CPU
		{2165682B-2B4F-416E-B88F-07C70D5BE84D}.AppStore|Any CPU.ActiveCfg = Release|Any CPU
		{2165682B-2B4F-416E-B88F-07C70D5BE84D}.AppStore|Any CPU.Build.0 = Release|Any CPU
		{2165682B-2B4F-416E-B88F-07C70D5BE84D}.AppStore|ARM.ActiveCfg = Release|Any CPU
		{2165682B-2B4F-416E-B88F-07C70D5BE84D}.AppStore|iPhone.ActiveCfg = Release|Any CPU
		{2165682B-2B4F-416E-B88F-07C70D5BE84D}.AppStore|iPhoneSimulator.ActiveCfg = Release|Any CPU
		{2165682B-2B4F-416E-B88F-07C70D5BE84D}.AppStore|Mixed Platforms.ActiveCfg = Release|Any CPU
		{2165682B-2B4F-416E-B88F-07C70D5BE84D}.AppStore|Mixed Platforms.Build.0 = Release|Any CPU
		{2165682B-2B4F-416E-B88F-07C70D5BE84D}.AppStore|x64.ActiveCfg = Release|Any CPU
		{2165682B-2B4F-416E-B88F-07C70D5BE84D}.AppStore|x86.ActiveCfg = Release|Any CPU
		{2165682B-2B4F-416E-B88F-07C70D5BE84D}.CI|Any CPU.ActiveCfg = CI|Any CPU
		{2165682B-2B4F-416E-B88F-07C70D5BE84D}.CI|Any CPU.Build.0 = CI|Any CPU
		{2165682B-2B4F-416E-B88F-07C70D5BE84D}.CI|ARM.ActiveCfg = CI|Any CPU
		{2165682B-2B4F-416E-B88F-07C70D5BE84D}.CI|iPhone.ActiveCfg = CI|Any CPU
		{2165682B-2B4F-416E-B88F-07C70D5BE84D}.CI|iPhoneSimulator.ActiveCfg = CI|Any CPU
		{2165682B-2B4F-416E-B88F-07C70D5BE84D}.CI|Mixed Platforms.ActiveCfg = CI|Any CPU
		{2165682B-2B4F-416E-B88F-07C70D5BE84D}.CI|Mixed Platforms.Build.0 = CI|Any CPU
		{2165682B-2B4F-416E-B88F-07C70D5BE84D}.CI|x64.ActiveCfg = CI|Any CPU
		{2165682B-2B4F-416E-B88F-07C70D5BE84D}.CI|x86.ActiveCfg = CI|Any CPU
		{2165682B-2B4F-416E-B88F-07C70D5BE84D}.Debug|Any CPU.ActiveCfg = Debug|Any CPU
		{2165682B-2B4F-416E-B88F-07C70D5BE84D}.Debug|Any CPU.Build.0 = Debug|Any CPU
		{2165682B-2B4F-416E-B88F-07C70D5BE84D}.Debug|ARM.ActiveCfg = Debug|Any CPU
		{2165682B-2B4F-416E-B88F-07C70D5BE84D}.Debug|iPhone.ActiveCfg = Debug|Any CPU
		{2165682B-2B4F-416E-B88F-07C70D5BE84D}.Debug|iPhoneSimulator.ActiveCfg = Debug|Any CPU
		{2165682B-2B4F-416E-B88F-07C70D5BE84D}.Debug|Mixed Platforms.ActiveCfg = Debug|Any CPU
		{2165682B-2B4F-416E-B88F-07C70D5BE84D}.Debug|Mixed Platforms.Build.0 = Debug|Any CPU
		{2165682B-2B4F-416E-B88F-07C70D5BE84D}.Debug|x64.ActiveCfg = Debug|Any CPU
		{2165682B-2B4F-416E-B88F-07C70D5BE84D}.Debug|x86.ActiveCfg = Debug|Any CPU
		{2165682B-2B4F-416E-B88F-07C70D5BE84D}.Release|Any CPU.ActiveCfg = Release|Any CPU
		{2165682B-2B4F-416E-B88F-07C70D5BE84D}.Release|Any CPU.Build.0 = Release|Any CPU
		{2165682B-2B4F-416E-B88F-07C70D5BE84D}.Release|ARM.ActiveCfg = Release|Any CPU
		{2165682B-2B4F-416E-B88F-07C70D5BE84D}.Release|iPhone.ActiveCfg = Release|Any CPU
		{2165682B-2B4F-416E-B88F-07C70D5BE84D}.Release|iPhoneSimulator.ActiveCfg = Release|Any CPU
		{2165682B-2B4F-416E-B88F-07C70D5BE84D}.Release|Mixed Platforms.ActiveCfg = Release|Any CPU
		{2165682B-2B4F-416E-B88F-07C70D5BE84D}.Release|Mixed Platforms.Build.0 = Release|Any CPU
		{2165682B-2B4F-416E-B88F-07C70D5BE84D}.Release|x64.ActiveCfg = Release|Any CPU
		{2165682B-2B4F-416E-B88F-07C70D5BE84D}.Release|x86.ActiveCfg = Release|Any CPU
		{D13FEED6-66AC-4D3F-8A07-1EC40387A0CF}.Ad-Hoc|Any CPU.ActiveCfg = Release|Any CPU
		{D13FEED6-66AC-4D3F-8A07-1EC40387A0CF}.Ad-Hoc|Any CPU.Build.0 = Release|Any CPU
		{D13FEED6-66AC-4D3F-8A07-1EC40387A0CF}.Ad-Hoc|ARM.ActiveCfg = Release|Any CPU
		{D13FEED6-66AC-4D3F-8A07-1EC40387A0CF}.Ad-Hoc|iPhone.ActiveCfg = Release|Any CPU
		{D13FEED6-66AC-4D3F-8A07-1EC40387A0CF}.Ad-Hoc|iPhoneSimulator.ActiveCfg = Release|Any CPU
		{D13FEED6-66AC-4D3F-8A07-1EC40387A0CF}.Ad-Hoc|Mixed Platforms.ActiveCfg = Release|Any CPU
		{D13FEED6-66AC-4D3F-8A07-1EC40387A0CF}.Ad-Hoc|Mixed Platforms.Build.0 = Release|Any CPU
		{D13FEED6-66AC-4D3F-8A07-1EC40387A0CF}.Ad-Hoc|x64.ActiveCfg = Release|Any CPU
		{D13FEED6-66AC-4D3F-8A07-1EC40387A0CF}.Ad-Hoc|x86.ActiveCfg = Release|Any CPU
		{D13FEED6-66AC-4D3F-8A07-1EC40387A0CF}.AppStore|Any CPU.ActiveCfg = Release|Any CPU
		{D13FEED6-66AC-4D3F-8A07-1EC40387A0CF}.AppStore|Any CPU.Build.0 = Release|Any CPU
		{D13FEED6-66AC-4D3F-8A07-1EC40387A0CF}.AppStore|ARM.ActiveCfg = Release|Any CPU
		{D13FEED6-66AC-4D3F-8A07-1EC40387A0CF}.AppStore|iPhone.ActiveCfg = Release|Any CPU
		{D13FEED6-66AC-4D3F-8A07-1EC40387A0CF}.AppStore|iPhoneSimulator.ActiveCfg = Release|Any CPU
		{D13FEED6-66AC-4D3F-8A07-1EC40387A0CF}.AppStore|Mixed Platforms.ActiveCfg = Release|Any CPU
		{D13FEED6-66AC-4D3F-8A07-1EC40387A0CF}.AppStore|Mixed Platforms.Build.0 = Release|Any CPU
		{D13FEED6-66AC-4D3F-8A07-1EC40387A0CF}.AppStore|x64.ActiveCfg = Release|Any CPU
		{D13FEED6-66AC-4D3F-8A07-1EC40387A0CF}.AppStore|x86.ActiveCfg = Release|Any CPU
		{D13FEED6-66AC-4D3F-8A07-1EC40387A0CF}.CI|Any CPU.ActiveCfg = CI|Any CPU
		{D13FEED6-66AC-4D3F-8A07-1EC40387A0CF}.CI|Any CPU.Build.0 = CI|Any CPU
		{D13FEED6-66AC-4D3F-8A07-1EC40387A0CF}.CI|ARM.ActiveCfg = CI|Any CPU
		{D13FEED6-66AC-4D3F-8A07-1EC40387A0CF}.CI|iPhone.ActiveCfg = CI|Any CPU
		{D13FEED6-66AC-4D3F-8A07-1EC40387A0CF}.CI|iPhoneSimulator.ActiveCfg = CI|Any CPU
		{D13FEED6-66AC-4D3F-8A07-1EC40387A0CF}.CI|Mixed Platforms.ActiveCfg = CI|Any CPU
		{D13FEED6-66AC-4D3F-8A07-1EC40387A0CF}.CI|Mixed Platforms.Build.0 = CI|Any CPU
		{D13FEED6-66AC-4D3F-8A07-1EC40387A0CF}.CI|x64.ActiveCfg = CI|Any CPU
		{D13FEED6-66AC-4D3F-8A07-1EC40387A0CF}.CI|x86.ActiveCfg = CI|Any CPU
		{D13FEED6-66AC-4D3F-8A07-1EC40387A0CF}.Debug|Any CPU.ActiveCfg = Debug|Any CPU
		{D13FEED6-66AC-4D3F-8A07-1EC40387A0CF}.Debug|Any CPU.Build.0 = Debug|Any CPU
		{D13FEED6-66AC-4D3F-8A07-1EC40387A0CF}.Debug|ARM.ActiveCfg = Debug|Any CPU
		{D13FEED6-66AC-4D3F-8A07-1EC40387A0CF}.Debug|iPhone.ActiveCfg = Debug|Any CPU
		{D13FEED6-66AC-4D3F-8A07-1EC40387A0CF}.Debug|iPhoneSimulator.ActiveCfg = Debug|Any CPU
		{D13FEED6-66AC-4D3F-8A07-1EC40387A0CF}.Debug|Mixed Platforms.ActiveCfg = Debug|Any CPU
		{D13FEED6-66AC-4D3F-8A07-1EC40387A0CF}.Debug|Mixed Platforms.Build.0 = Debug|Any CPU
		{D13FEED6-66AC-4D3F-8A07-1EC40387A0CF}.Debug|x64.ActiveCfg = Debug|Any CPU
		{D13FEED6-66AC-4D3F-8A07-1EC40387A0CF}.Debug|x86.ActiveCfg = Debug|Any CPU
		{D13FEED6-66AC-4D3F-8A07-1EC40387A0CF}.Release|Any CPU.ActiveCfg = Release|Any CPU
		{D13FEED6-66AC-4D3F-8A07-1EC40387A0CF}.Release|Any CPU.Build.0 = Release|Any CPU
		{D13FEED6-66AC-4D3F-8A07-1EC40387A0CF}.Release|ARM.ActiveCfg = Release|Any CPU
		{D13FEED6-66AC-4D3F-8A07-1EC40387A0CF}.Release|iPhone.ActiveCfg = Release|Any CPU
		{D13FEED6-66AC-4D3F-8A07-1EC40387A0CF}.Release|iPhoneSimulator.ActiveCfg = Release|Any CPU
		{D13FEED6-66AC-4D3F-8A07-1EC40387A0CF}.Release|Mixed Platforms.ActiveCfg = Release|Any CPU
		{D13FEED6-66AC-4D3F-8A07-1EC40387A0CF}.Release|Mixed Platforms.Build.0 = Release|Any CPU
		{D13FEED6-66AC-4D3F-8A07-1EC40387A0CF}.Release|x64.ActiveCfg = Release|Any CPU
		{D13FEED6-66AC-4D3F-8A07-1EC40387A0CF}.Release|x86.ActiveCfg = Release|Any CPU
		{747706F4-ECBF-4D50-8D72-B0DDCC18395C}.Ad-Hoc|Any CPU.ActiveCfg = Release|Any CPU
		{747706F4-ECBF-4D50-8D72-B0DDCC18395C}.Ad-Hoc|Any CPU.Build.0 = Release|Any CPU
		{747706F4-ECBF-4D50-8D72-B0DDCC18395C}.Ad-Hoc|ARM.ActiveCfg = Release|Any CPU
		{747706F4-ECBF-4D50-8D72-B0DDCC18395C}.Ad-Hoc|iPhone.ActiveCfg = Release|Any CPU
		{747706F4-ECBF-4D50-8D72-B0DDCC18395C}.Ad-Hoc|iPhoneSimulator.ActiveCfg = Release|Any CPU
		{747706F4-ECBF-4D50-8D72-B0DDCC18395C}.Ad-Hoc|Mixed Platforms.ActiveCfg = Release|Any CPU
		{747706F4-ECBF-4D50-8D72-B0DDCC18395C}.Ad-Hoc|Mixed Platforms.Build.0 = Release|Any CPU
		{747706F4-ECBF-4D50-8D72-B0DDCC18395C}.Ad-Hoc|x64.ActiveCfg = Release|Any CPU
		{747706F4-ECBF-4D50-8D72-B0DDCC18395C}.Ad-Hoc|x86.ActiveCfg = Release|Any CPU
		{747706F4-ECBF-4D50-8D72-B0DDCC18395C}.AppStore|Any CPU.ActiveCfg = Release|Any CPU
		{747706F4-ECBF-4D50-8D72-B0DDCC18395C}.AppStore|Any CPU.Build.0 = Release|Any CPU
		{747706F4-ECBF-4D50-8D72-B0DDCC18395C}.AppStore|ARM.ActiveCfg = Release|Any CPU
		{747706F4-ECBF-4D50-8D72-B0DDCC18395C}.AppStore|iPhone.ActiveCfg = Release|Any CPU
		{747706F4-ECBF-4D50-8D72-B0DDCC18395C}.AppStore|iPhoneSimulator.ActiveCfg = Release|Any CPU
		{747706F4-ECBF-4D50-8D72-B0DDCC18395C}.AppStore|Mixed Platforms.ActiveCfg = Release|Any CPU
		{747706F4-ECBF-4D50-8D72-B0DDCC18395C}.AppStore|Mixed Platforms.Build.0 = Release|Any CPU
		{747706F4-ECBF-4D50-8D72-B0DDCC18395C}.AppStore|x64.ActiveCfg = Release|Any CPU
		{747706F4-ECBF-4D50-8D72-B0DDCC18395C}.AppStore|x86.ActiveCfg = Release|Any CPU
		{747706F4-ECBF-4D50-8D72-B0DDCC18395C}.CI|Any CPU.ActiveCfg = CI|Any CPU
		{747706F4-ECBF-4D50-8D72-B0DDCC18395C}.CI|Any CPU.Build.0 = CI|Any CPU
		{747706F4-ECBF-4D50-8D72-B0DDCC18395C}.CI|ARM.ActiveCfg = CI|Any CPU
		{747706F4-ECBF-4D50-8D72-B0DDCC18395C}.CI|iPhone.ActiveCfg = CI|Any CPU
		{747706F4-ECBF-4D50-8D72-B0DDCC18395C}.CI|iPhoneSimulator.ActiveCfg = CI|Any CPU
		{747706F4-ECBF-4D50-8D72-B0DDCC18395C}.CI|Mixed Platforms.ActiveCfg = CI|Any CPU
		{747706F4-ECBF-4D50-8D72-B0DDCC18395C}.CI|Mixed Platforms.Build.0 = CI|Any CPU
		{747706F4-ECBF-4D50-8D72-B0DDCC18395C}.CI|x64.ActiveCfg = CI|Any CPU
		{747706F4-ECBF-4D50-8D72-B0DDCC18395C}.CI|x86.ActiveCfg = CI|Any CPU
		{747706F4-ECBF-4D50-8D72-B0DDCC18395C}.Debug|Any CPU.ActiveCfg = Debug|Any CPU
		{747706F4-ECBF-4D50-8D72-B0DDCC18395C}.Debug|Any CPU.Build.0 = Debug|Any CPU
		{747706F4-ECBF-4D50-8D72-B0DDCC18395C}.Debug|ARM.ActiveCfg = Debug|Any CPU
		{747706F4-ECBF-4D50-8D72-B0DDCC18395C}.Debug|iPhone.ActiveCfg = Debug|Any CPU
		{747706F4-ECBF-4D50-8D72-B0DDCC18395C}.Debug|iPhoneSimulator.ActiveCfg = Debug|Any CPU
		{747706F4-ECBF-4D50-8D72-B0DDCC18395C}.Debug|Mixed Platforms.ActiveCfg = Debug|Any CPU
		{747706F4-ECBF-4D50-8D72-B0DDCC18395C}.Debug|Mixed Platforms.Build.0 = Debug|Any CPU
		{747706F4-ECBF-4D50-8D72-B0DDCC18395C}.Debug|x64.ActiveCfg = Debug|Any CPU
		{747706F4-ECBF-4D50-8D72-B0DDCC18395C}.Debug|x86.ActiveCfg = Debug|Any CPU
		{747706F4-ECBF-4D50-8D72-B0DDCC18395C}.Release|Any CPU.ActiveCfg = Release|Any CPU
		{747706F4-ECBF-4D50-8D72-B0DDCC18395C}.Release|Any CPU.Build.0 = Release|Any CPU
		{747706F4-ECBF-4D50-8D72-B0DDCC18395C}.Release|ARM.ActiveCfg = Release|Any CPU
		{747706F4-ECBF-4D50-8D72-B0DDCC18395C}.Release|iPhone.ActiveCfg = Release|Any CPU
		{747706F4-ECBF-4D50-8D72-B0DDCC18395C}.Release|iPhoneSimulator.ActiveCfg = Release|Any CPU
		{747706F4-ECBF-4D50-8D72-B0DDCC18395C}.Release|Mixed Platforms.ActiveCfg = Release|Any CPU
		{747706F4-ECBF-4D50-8D72-B0DDCC18395C}.Release|Mixed Platforms.Build.0 = Release|Any CPU
		{747706F4-ECBF-4D50-8D72-B0DDCC18395C}.Release|x64.ActiveCfg = Release|Any CPU
		{747706F4-ECBF-4D50-8D72-B0DDCC18395C}.Release|x86.ActiveCfg = Release|Any CPU
		{79E792BB-351D-4CC8-B43E-CF8BF02F6F36}.Ad-Hoc|Any CPU.ActiveCfg = Release|Any CPU
		{79E792BB-351D-4CC8-B43E-CF8BF02F6F36}.Ad-Hoc|Any CPU.Build.0 = Release|Any CPU
		{79E792BB-351D-4CC8-B43E-CF8BF02F6F36}.Ad-Hoc|ARM.ActiveCfg = Release|Any CPU
		{79E792BB-351D-4CC8-B43E-CF8BF02F6F36}.Ad-Hoc|iPhone.ActiveCfg = Release|Any CPU
		{79E792BB-351D-4CC8-B43E-CF8BF02F6F36}.Ad-Hoc|iPhoneSimulator.ActiveCfg = Release|Any CPU
		{79E792BB-351D-4CC8-B43E-CF8BF02F6F36}.Ad-Hoc|Mixed Platforms.ActiveCfg = Release|Any CPU
		{79E792BB-351D-4CC8-B43E-CF8BF02F6F36}.Ad-Hoc|Mixed Platforms.Build.0 = Release|Any CPU
		{79E792BB-351D-4CC8-B43E-CF8BF02F6F36}.Ad-Hoc|x64.ActiveCfg = Release|Any CPU
		{79E792BB-351D-4CC8-B43E-CF8BF02F6F36}.Ad-Hoc|x86.ActiveCfg = Release|Any CPU
		{79E792BB-351D-4CC8-B43E-CF8BF02F6F36}.AppStore|Any CPU.ActiveCfg = Release|Any CPU
		{79E792BB-351D-4CC8-B43E-CF8BF02F6F36}.AppStore|Any CPU.Build.0 = Release|Any CPU
		{79E792BB-351D-4CC8-B43E-CF8BF02F6F36}.AppStore|ARM.ActiveCfg = Release|Any CPU
		{79E792BB-351D-4CC8-B43E-CF8BF02F6F36}.AppStore|iPhone.ActiveCfg = Release|Any CPU
		{79E792BB-351D-4CC8-B43E-CF8BF02F6F36}.AppStore|iPhoneSimulator.ActiveCfg = Release|Any CPU
		{79E792BB-351D-4CC8-B43E-CF8BF02F6F36}.AppStore|Mixed Platforms.ActiveCfg = Release|Any CPU
		{79E792BB-351D-4CC8-B43E-CF8BF02F6F36}.AppStore|Mixed Platforms.Build.0 = Release|Any CPU
		{79E792BB-351D-4CC8-B43E-CF8BF02F6F36}.AppStore|x64.ActiveCfg = Release|Any CPU
		{79E792BB-351D-4CC8-B43E-CF8BF02F6F36}.AppStore|x86.ActiveCfg = Release|Any CPU
		{79E792BB-351D-4CC8-B43E-CF8BF02F6F36}.CI|Any CPU.ActiveCfg = CI|Any CPU
		{79E792BB-351D-4CC8-B43E-CF8BF02F6F36}.CI|Any CPU.Build.0 = CI|Any CPU
		{79E792BB-351D-4CC8-B43E-CF8BF02F6F36}.CI|ARM.ActiveCfg = CI|Any CPU
		{79E792BB-351D-4CC8-B43E-CF8BF02F6F36}.CI|iPhone.ActiveCfg = CI|Any CPU
		{79E792BB-351D-4CC8-B43E-CF8BF02F6F36}.CI|iPhoneSimulator.ActiveCfg = CI|Any CPU
		{79E792BB-351D-4CC8-B43E-CF8BF02F6F36}.CI|Mixed Platforms.ActiveCfg = CI|Any CPU
		{79E792BB-351D-4CC8-B43E-CF8BF02F6F36}.CI|Mixed Platforms.Build.0 = CI|Any CPU
		{79E792BB-351D-4CC8-B43E-CF8BF02F6F36}.CI|x64.ActiveCfg = CI|Any CPU
		{79E792BB-351D-4CC8-B43E-CF8BF02F6F36}.CI|x86.ActiveCfg = CI|Any CPU
		{79E792BB-351D-4CC8-B43E-CF8BF02F6F36}.Debug|Any CPU.ActiveCfg = Debug|Any CPU
		{79E792BB-351D-4CC8-B43E-CF8BF02F6F36}.Debug|Any CPU.Build.0 = Debug|Any CPU
		{79E792BB-351D-4CC8-B43E-CF8BF02F6F36}.Debug|ARM.ActiveCfg = Debug|Any CPU
		{79E792BB-351D-4CC8-B43E-CF8BF02F6F36}.Debug|iPhone.ActiveCfg = Debug|Any CPU
		{79E792BB-351D-4CC8-B43E-CF8BF02F6F36}.Debug|iPhoneSimulator.ActiveCfg = Debug|Any CPU
		{79E792BB-351D-4CC8-B43E-CF8BF02F6F36}.Debug|Mixed Platforms.ActiveCfg = Debug|Any CPU
		{79E792BB-351D-4CC8-B43E-CF8BF02F6F36}.Debug|Mixed Platforms.Build.0 = Debug|Any CPU
		{79E792BB-351D-4CC8-B43E-CF8BF02F6F36}.Debug|x64.ActiveCfg = Debug|Any CPU
		{79E792BB-351D-4CC8-B43E-CF8BF02F6F36}.Debug|x86.ActiveCfg = Debug|Any CPU
		{79E792BB-351D-4CC8-B43E-CF8BF02F6F36}.Release|Any CPU.ActiveCfg = Release|Any CPU
		{79E792BB-351D-4CC8-B43E-CF8BF02F6F36}.Release|Any CPU.Build.0 = Release|Any CPU
		{79E792BB-351D-4CC8-B43E-CF8BF02F6F36}.Release|ARM.ActiveCfg = Release|Any CPU
		{79E792BB-351D-4CC8-B43E-CF8BF02F6F36}.Release|iPhone.ActiveCfg = Release|Any CPU
		{79E792BB-351D-4CC8-B43E-CF8BF02F6F36}.Release|iPhoneSimulator.ActiveCfg = Release|Any CPU
		{79E792BB-351D-4CC8-B43E-CF8BF02F6F36}.Release|Mixed Platforms.ActiveCfg = Release|Any CPU
		{79E792BB-351D-4CC8-B43E-CF8BF02F6F36}.Release|Mixed Platforms.Build.0 = Release|Any CPU
		{79E792BB-351D-4CC8-B43E-CF8BF02F6F36}.Release|x64.ActiveCfg = Release|Any CPU
		{79E792BB-351D-4CC8-B43E-CF8BF02F6F36}.Release|x86.ActiveCfg = Release|Any CPU
		{4AF4487D-0C3E-4384-BA68-62CB1680C648}.Ad-Hoc|Any CPU.ActiveCfg = Release|Any CPU
		{4AF4487D-0C3E-4384-BA68-62CB1680C648}.Ad-Hoc|Any CPU.Build.0 = Release|Any CPU
		{4AF4487D-0C3E-4384-BA68-62CB1680C648}.Ad-Hoc|Any CPU.Deploy.0 = Release|Any CPU
		{4AF4487D-0C3E-4384-BA68-62CB1680C648}.Ad-Hoc|ARM.ActiveCfg = Release|Any CPU
		{4AF4487D-0C3E-4384-BA68-62CB1680C648}.Ad-Hoc|iPhone.ActiveCfg = Release|Any CPU
		{4AF4487D-0C3E-4384-BA68-62CB1680C648}.Ad-Hoc|iPhoneSimulator.ActiveCfg = Release|Any CPU
		{4AF4487D-0C3E-4384-BA68-62CB1680C648}.Ad-Hoc|Mixed Platforms.ActiveCfg = Release|Any CPU
		{4AF4487D-0C3E-4384-BA68-62CB1680C648}.Ad-Hoc|Mixed Platforms.Build.0 = Release|Any CPU
		{4AF4487D-0C3E-4384-BA68-62CB1680C648}.Ad-Hoc|Mixed Platforms.Deploy.0 = Release|Any CPU
		{4AF4487D-0C3E-4384-BA68-62CB1680C648}.Ad-Hoc|x64.ActiveCfg = Release|Any CPU
		{4AF4487D-0C3E-4384-BA68-62CB1680C648}.Ad-Hoc|x86.ActiveCfg = Release|Any CPU
		{4AF4487D-0C3E-4384-BA68-62CB1680C648}.AppStore|Any CPU.ActiveCfg = Release|Any CPU
		{4AF4487D-0C3E-4384-BA68-62CB1680C648}.AppStore|Any CPU.Build.0 = Release|Any CPU
		{4AF4487D-0C3E-4384-BA68-62CB1680C648}.AppStore|Any CPU.Deploy.0 = Release|Any CPU
		{4AF4487D-0C3E-4384-BA68-62CB1680C648}.AppStore|ARM.ActiveCfg = Release|Any CPU
		{4AF4487D-0C3E-4384-BA68-62CB1680C648}.AppStore|iPhone.ActiveCfg = Release|Any CPU
		{4AF4487D-0C3E-4384-BA68-62CB1680C648}.AppStore|iPhoneSimulator.ActiveCfg = Release|Any CPU
		{4AF4487D-0C3E-4384-BA68-62CB1680C648}.AppStore|Mixed Platforms.ActiveCfg = Release|Any CPU
		{4AF4487D-0C3E-4384-BA68-62CB1680C648}.AppStore|Mixed Platforms.Build.0 = Release|Any CPU
		{4AF4487D-0C3E-4384-BA68-62CB1680C648}.AppStore|Mixed Platforms.Deploy.0 = Release|Any CPU
		{4AF4487D-0C3E-4384-BA68-62CB1680C648}.AppStore|x64.ActiveCfg = Release|Any CPU
		{4AF4487D-0C3E-4384-BA68-62CB1680C648}.AppStore|x86.ActiveCfg = Release|Any CPU
		{4AF4487D-0C3E-4384-BA68-62CB1680C648}.CI|Any CPU.ActiveCfg = CI|Any CPU
		{4AF4487D-0C3E-4384-BA68-62CB1680C648}.CI|ARM.ActiveCfg = CI|Any CPU
		{4AF4487D-0C3E-4384-BA68-62CB1680C648}.CI|iPhone.ActiveCfg = CI|Any CPU
		{4AF4487D-0C3E-4384-BA68-62CB1680C648}.CI|iPhoneSimulator.ActiveCfg = CI|Any CPU
		{4AF4487D-0C3E-4384-BA68-62CB1680C648}.CI|Mixed Platforms.ActiveCfg = CI|Any CPU
		{4AF4487D-0C3E-4384-BA68-62CB1680C648}.CI|x64.ActiveCfg = CI|Any CPU
		{4AF4487D-0C3E-4384-BA68-62CB1680C648}.CI|x86.ActiveCfg = CI|Any CPU
		{4AF4487D-0C3E-4384-BA68-62CB1680C648}.Debug|Any CPU.ActiveCfg = Debug|Any CPU
		{4AF4487D-0C3E-4384-BA68-62CB1680C648}.Debug|Any CPU.Build.0 = Debug|Any CPU
		{4AF4487D-0C3E-4384-BA68-62CB1680C648}.Debug|Any CPU.Deploy.0 = Debug|Any CPU
		{4AF4487D-0C3E-4384-BA68-62CB1680C648}.Debug|ARM.ActiveCfg = Debug|Any CPU
		{4AF4487D-0C3E-4384-BA68-62CB1680C648}.Debug|iPhone.ActiveCfg = Debug|Any CPU
		{4AF4487D-0C3E-4384-BA68-62CB1680C648}.Debug|iPhoneSimulator.ActiveCfg = Debug|Any CPU
		{4AF4487D-0C3E-4384-BA68-62CB1680C648}.Debug|Mixed Platforms.ActiveCfg = Debug|Any CPU
		{4AF4487D-0C3E-4384-BA68-62CB1680C648}.Debug|Mixed Platforms.Build.0 = Debug|Any CPU
		{4AF4487D-0C3E-4384-BA68-62CB1680C648}.Debug|Mixed Platforms.Deploy.0 = Debug|Any CPU
		{4AF4487D-0C3E-4384-BA68-62CB1680C648}.Debug|x64.ActiveCfg = Debug|Any CPU
		{4AF4487D-0C3E-4384-BA68-62CB1680C648}.Debug|x86.ActiveCfg = Debug|Any CPU
		{4AF4487D-0C3E-4384-BA68-62CB1680C648}.Release|Any CPU.ActiveCfg = Release|Any CPU
		{4AF4487D-0C3E-4384-BA68-62CB1680C648}.Release|Any CPU.Build.0 = Release|Any CPU
		{4AF4487D-0C3E-4384-BA68-62CB1680C648}.Release|Any CPU.Deploy.0 = Release|Any CPU
		{4AF4487D-0C3E-4384-BA68-62CB1680C648}.Release|ARM.ActiveCfg = Release|Any CPU
		{4AF4487D-0C3E-4384-BA68-62CB1680C648}.Release|iPhone.ActiveCfg = Release|Any CPU
		{4AF4487D-0C3E-4384-BA68-62CB1680C648}.Release|iPhoneSimulator.ActiveCfg = Release|Any CPU
		{4AF4487D-0C3E-4384-BA68-62CB1680C648}.Release|Mixed Platforms.ActiveCfg = Release|Any CPU
		{4AF4487D-0C3E-4384-BA68-62CB1680C648}.Release|Mixed Platforms.Build.0 = Release|Any CPU
		{4AF4487D-0C3E-4384-BA68-62CB1680C648}.Release|Mixed Platforms.Deploy.0 = Release|Any CPU
		{4AF4487D-0C3E-4384-BA68-62CB1680C648}.Release|x64.ActiveCfg = Release|Any CPU
		{4AF4487D-0C3E-4384-BA68-62CB1680C648}.Release|x86.ActiveCfg = Release|Any CPU
		{B061316A-F386-4FE2-93B7-555584234FF8}.Ad-Hoc|Any CPU.ActiveCfg = Ad-Hoc|iPhone
		{B061316A-F386-4FE2-93B7-555584234FF8}.Ad-Hoc|ARM.ActiveCfg = Ad-Hoc|iPhone
		{B061316A-F386-4FE2-93B7-555584234FF8}.Ad-Hoc|iPhone.ActiveCfg = Ad-Hoc|iPhone
		{B061316A-F386-4FE2-93B7-555584234FF8}.Ad-Hoc|iPhone.Build.0 = Ad-Hoc|iPhone
		{B061316A-F386-4FE2-93B7-555584234FF8}.Ad-Hoc|iPhoneSimulator.ActiveCfg = Ad-Hoc|iPhoneSimulator
		{B061316A-F386-4FE2-93B7-555584234FF8}.Ad-Hoc|iPhoneSimulator.Build.0 = Ad-Hoc|iPhoneSimulator
		{B061316A-F386-4FE2-93B7-555584234FF8}.Ad-Hoc|Mixed Platforms.ActiveCfg = Ad-Hoc|iPhone
		{B061316A-F386-4FE2-93B7-555584234FF8}.Ad-Hoc|Mixed Platforms.Build.0 = Ad-Hoc|iPhone
		{B061316A-F386-4FE2-93B7-555584234FF8}.Ad-Hoc|x64.ActiveCfg = Ad-Hoc|iPhone
		{B061316A-F386-4FE2-93B7-555584234FF8}.Ad-Hoc|x86.ActiveCfg = Ad-Hoc|iPhone
		{B061316A-F386-4FE2-93B7-555584234FF8}.AppStore|Any CPU.ActiveCfg = AppStore|iPhone
		{B061316A-F386-4FE2-93B7-555584234FF8}.AppStore|ARM.ActiveCfg = AppStore|iPhone
		{B061316A-F386-4FE2-93B7-555584234FF8}.AppStore|iPhone.ActiveCfg = AppStore|iPhone
		{B061316A-F386-4FE2-93B7-555584234FF8}.AppStore|iPhone.Build.0 = AppStore|iPhone
		{B061316A-F386-4FE2-93B7-555584234FF8}.AppStore|iPhoneSimulator.ActiveCfg = AppStore|iPhoneSimulator
		{B061316A-F386-4FE2-93B7-555584234FF8}.AppStore|iPhoneSimulator.Build.0 = AppStore|iPhoneSimulator
		{B061316A-F386-4FE2-93B7-555584234FF8}.AppStore|Mixed Platforms.ActiveCfg = AppStore|iPhone
		{B061316A-F386-4FE2-93B7-555584234FF8}.AppStore|Mixed Platforms.Build.0 = AppStore|iPhone
		{B061316A-F386-4FE2-93B7-555584234FF8}.AppStore|x64.ActiveCfg = AppStore|iPhone
		{B061316A-F386-4FE2-93B7-555584234FF8}.AppStore|x86.ActiveCfg = AppStore|iPhone
		{B061316A-F386-4FE2-93B7-555584234FF8}.CI|Any CPU.ActiveCfg = CI|iPhone
		{B061316A-F386-4FE2-93B7-555584234FF8}.CI|ARM.ActiveCfg = CI|iPhone
		{B061316A-F386-4FE2-93B7-555584234FF8}.CI|iPhone.ActiveCfg = CI|iPhone
		{B061316A-F386-4FE2-93B7-555584234FF8}.CI|iPhone.Build.0 = CI|iPhone
		{B061316A-F386-4FE2-93B7-555584234FF8}.CI|iPhoneSimulator.ActiveCfg = CI|iPhoneSimulator
		{B061316A-F386-4FE2-93B7-555584234FF8}.CI|iPhoneSimulator.Build.0 = CI|iPhoneSimulator
		{B061316A-F386-4FE2-93B7-555584234FF8}.CI|Mixed Platforms.ActiveCfg = CI|iPhone
		{B061316A-F386-4FE2-93B7-555584234FF8}.CI|x64.ActiveCfg = CI|iPhone
		{B061316A-F386-4FE2-93B7-555584234FF8}.CI|x86.ActiveCfg = CI|iPhone
		{B061316A-F386-4FE2-93B7-555584234FF8}.Debug|Any CPU.ActiveCfg = Debug|iPhone
		{B061316A-F386-4FE2-93B7-555584234FF8}.Debug|ARM.ActiveCfg = Debug|iPhone
		{B061316A-F386-4FE2-93B7-555584234FF8}.Debug|iPhone.ActiveCfg = Debug|iPhone
		{B061316A-F386-4FE2-93B7-555584234FF8}.Debug|iPhone.Build.0 = Debug|iPhone
		{B061316A-F386-4FE2-93B7-555584234FF8}.Debug|iPhoneSimulator.ActiveCfg = Debug|iPhoneSimulator
		{B061316A-F386-4FE2-93B7-555584234FF8}.Debug|iPhoneSimulator.Build.0 = Debug|iPhoneSimulator
		{B061316A-F386-4FE2-93B7-555584234FF8}.Debug|Mixed Platforms.ActiveCfg = Debug|iPhone
		{B061316A-F386-4FE2-93B7-555584234FF8}.Debug|Mixed Platforms.Build.0 = Debug|iPhone
		{B061316A-F386-4FE2-93B7-555584234FF8}.Debug|x64.ActiveCfg = Debug|iPhone
		{B061316A-F386-4FE2-93B7-555584234FF8}.Debug|x86.ActiveCfg = Debug|iPhone
		{B061316A-F386-4FE2-93B7-555584234FF8}.Release|Any CPU.ActiveCfg = Release|iPhone
		{B061316A-F386-4FE2-93B7-555584234FF8}.Release|ARM.ActiveCfg = Release|iPhone
		{B061316A-F386-4FE2-93B7-555584234FF8}.Release|iPhone.ActiveCfg = Release|iPhone
		{B061316A-F386-4FE2-93B7-555584234FF8}.Release|iPhone.Build.0 = Release|iPhone
		{B061316A-F386-4FE2-93B7-555584234FF8}.Release|iPhoneSimulator.ActiveCfg = Release|iPhoneSimulator
		{B061316A-F386-4FE2-93B7-555584234FF8}.Release|iPhoneSimulator.Build.0 = Release|iPhoneSimulator
		{B061316A-F386-4FE2-93B7-555584234FF8}.Release|Mixed Platforms.ActiveCfg = Release|iPhone
		{B061316A-F386-4FE2-93B7-555584234FF8}.Release|Mixed Platforms.Build.0 = Release|iPhone
		{B061316A-F386-4FE2-93B7-555584234FF8}.Release|x64.ActiveCfg = Release|iPhone
		{B061316A-F386-4FE2-93B7-555584234FF8}.Release|x86.ActiveCfg = Release|iPhone
		{C74B2533-6F19-4047-A4D0-434A1FE5F027}.Ad-Hoc|Any CPU.ActiveCfg = Release|Any CPU
		{C74B2533-6F19-4047-A4D0-434A1FE5F027}.Ad-Hoc|Any CPU.Build.0 = Release|Any CPU
		{C74B2533-6F19-4047-A4D0-434A1FE5F027}.Ad-Hoc|ARM.ActiveCfg = Release|Any CPU
		{C74B2533-6F19-4047-A4D0-434A1FE5F027}.Ad-Hoc|iPhone.ActiveCfg = Release|Any CPU
		{C74B2533-6F19-4047-A4D0-434A1FE5F027}.Ad-Hoc|iPhoneSimulator.ActiveCfg = Release|Any CPU
		{C74B2533-6F19-4047-A4D0-434A1FE5F027}.Ad-Hoc|Mixed Platforms.ActiveCfg = Release|Any CPU
		{C74B2533-6F19-4047-A4D0-434A1FE5F027}.Ad-Hoc|Mixed Platforms.Build.0 = Release|Any CPU
		{C74B2533-6F19-4047-A4D0-434A1FE5F027}.Ad-Hoc|x64.ActiveCfg = Release|Any CPU
		{C74B2533-6F19-4047-A4D0-434A1FE5F027}.Ad-Hoc|x86.ActiveCfg = Release|Any CPU
		{C74B2533-6F19-4047-A4D0-434A1FE5F027}.AppStore|Any CPU.ActiveCfg = Release|Any CPU
		{C74B2533-6F19-4047-A4D0-434A1FE5F027}.AppStore|Any CPU.Build.0 = Release|Any CPU
		{C74B2533-6F19-4047-A4D0-434A1FE5F027}.AppStore|ARM.ActiveCfg = Release|Any CPU
		{C74B2533-6F19-4047-A4D0-434A1FE5F027}.AppStore|iPhone.ActiveCfg = Release|Any CPU
		{C74B2533-6F19-4047-A4D0-434A1FE5F027}.AppStore|iPhoneSimulator.ActiveCfg = Release|Any CPU
		{C74B2533-6F19-4047-A4D0-434A1FE5F027}.AppStore|Mixed Platforms.ActiveCfg = Release|Any CPU
		{C74B2533-6F19-4047-A4D0-434A1FE5F027}.AppStore|Mixed Platforms.Build.0 = Release|Any CPU
		{C74B2533-6F19-4047-A4D0-434A1FE5F027}.AppStore|x64.ActiveCfg = Release|Any CPU
		{C74B2533-6F19-4047-A4D0-434A1FE5F027}.AppStore|x86.ActiveCfg = Release|Any CPU
		{C74B2533-6F19-4047-A4D0-434A1FE5F027}.CI|Any CPU.ActiveCfg = CI|Any CPU
		{C74B2533-6F19-4047-A4D0-434A1FE5F027}.CI|Any CPU.Build.0 = CI|Any CPU
		{C74B2533-6F19-4047-A4D0-434A1FE5F027}.CI|ARM.ActiveCfg = CI|Any CPU
		{C74B2533-6F19-4047-A4D0-434A1FE5F027}.CI|iPhone.ActiveCfg = CI|Any CPU
		{C74B2533-6F19-4047-A4D0-434A1FE5F027}.CI|iPhoneSimulator.ActiveCfg = CI|Any CPU
		{C74B2533-6F19-4047-A4D0-434A1FE5F027}.CI|Mixed Platforms.ActiveCfg = CI|Any CPU
		{C74B2533-6F19-4047-A4D0-434A1FE5F027}.CI|Mixed Platforms.Build.0 = CI|Any CPU
		{C74B2533-6F19-4047-A4D0-434A1FE5F027}.CI|x64.ActiveCfg = CI|Any CPU
		{C74B2533-6F19-4047-A4D0-434A1FE5F027}.CI|x86.ActiveCfg = CI|Any CPU
		{C74B2533-6F19-4047-A4D0-434A1FE5F027}.Debug|Any CPU.ActiveCfg = Debug|Any CPU
		{C74B2533-6F19-4047-A4D0-434A1FE5F027}.Debug|Any CPU.Build.0 = Debug|Any CPU
		{C74B2533-6F19-4047-A4D0-434A1FE5F027}.Debug|ARM.ActiveCfg = Debug|Any CPU
		{C74B2533-6F19-4047-A4D0-434A1FE5F027}.Debug|iPhone.ActiveCfg = Debug|Any CPU
		{C74B2533-6F19-4047-A4D0-434A1FE5F027}.Debug|iPhoneSimulator.ActiveCfg = Debug|Any CPU
		{C74B2533-6F19-4047-A4D0-434A1FE5F027}.Debug|Mixed Platforms.ActiveCfg = Debug|Any CPU
		{C74B2533-6F19-4047-A4D0-434A1FE5F027}.Debug|Mixed Platforms.Build.0 = Debug|Any CPU
		{C74B2533-6F19-4047-A4D0-434A1FE5F027}.Debug|x64.ActiveCfg = Debug|Any CPU
		{C74B2533-6F19-4047-A4D0-434A1FE5F027}.Debug|x86.ActiveCfg = Debug|Any CPU
		{C74B2533-6F19-4047-A4D0-434A1FE5F027}.Release|Any CPU.ActiveCfg = Release|Any CPU
		{C74B2533-6F19-4047-A4D0-434A1FE5F027}.Release|Any CPU.Build.0 = Release|Any CPU
		{C74B2533-6F19-4047-A4D0-434A1FE5F027}.Release|ARM.ActiveCfg = Release|Any CPU
		{C74B2533-6F19-4047-A4D0-434A1FE5F027}.Release|iPhone.ActiveCfg = Release|Any CPU
		{C74B2533-6F19-4047-A4D0-434A1FE5F027}.Release|iPhoneSimulator.ActiveCfg = Release|Any CPU
		{C74B2533-6F19-4047-A4D0-434A1FE5F027}.Release|Mixed Platforms.ActiveCfg = Release|Any CPU
		{C74B2533-6F19-4047-A4D0-434A1FE5F027}.Release|Mixed Platforms.Build.0 = Release|Any CPU
		{C74B2533-6F19-4047-A4D0-434A1FE5F027}.Release|x64.ActiveCfg = Release|Any CPU
		{C74B2533-6F19-4047-A4D0-434A1FE5F027}.Release|x86.ActiveCfg = Release|Any CPU
		{76B0C29A-860E-4E24-8E4E-44E54AEF838B}.Ad-Hoc|Any CPU.ActiveCfg = Debug|Any CPU
		{76B0C29A-860E-4E24-8E4E-44E54AEF838B}.Ad-Hoc|ARM.ActiveCfg = Debug|Any CPU
		{76B0C29A-860E-4E24-8E4E-44E54AEF838B}.Ad-Hoc|iPhone.ActiveCfg = Debug|Any CPU
		{76B0C29A-860E-4E24-8E4E-44E54AEF838B}.Ad-Hoc|iPhoneSimulator.ActiveCfg = Debug|Any CPU
		{76B0C29A-860E-4E24-8E4E-44E54AEF838B}.Ad-Hoc|Mixed Platforms.ActiveCfg = Debug|Any CPU
		{76B0C29A-860E-4E24-8E4E-44E54AEF838B}.Ad-Hoc|x64.ActiveCfg = Debug|Any CPU
		{76B0C29A-860E-4E24-8E4E-44E54AEF838B}.Ad-Hoc|x86.ActiveCfg = Debug|Any CPU
		{76B0C29A-860E-4E24-8E4E-44E54AEF838B}.AppStore|Any CPU.ActiveCfg = Debug|Any CPU
		{76B0C29A-860E-4E24-8E4E-44E54AEF838B}.AppStore|ARM.ActiveCfg = Debug|Any CPU
		{76B0C29A-860E-4E24-8E4E-44E54AEF838B}.AppStore|iPhone.ActiveCfg = Debug|Any CPU
		{76B0C29A-860E-4E24-8E4E-44E54AEF838B}.AppStore|iPhoneSimulator.ActiveCfg = Debug|Any CPU
		{76B0C29A-860E-4E24-8E4E-44E54AEF838B}.AppStore|Mixed Platforms.ActiveCfg = Debug|Any CPU
		{76B0C29A-860E-4E24-8E4E-44E54AEF838B}.AppStore|x64.ActiveCfg = Debug|Any CPU
		{76B0C29A-860E-4E24-8E4E-44E54AEF838B}.AppStore|x86.ActiveCfg = Debug|Any CPU
		{76B0C29A-860E-4E24-8E4E-44E54AEF838B}.CI|Any CPU.ActiveCfg = Release|Any CPU
		{76B0C29A-860E-4E24-8E4E-44E54AEF838B}.CI|Any CPU.Build.0 = Release|Any CPU
		{76B0C29A-860E-4E24-8E4E-44E54AEF838B}.CI|ARM.ActiveCfg = Release|Any CPU
		{76B0C29A-860E-4E24-8E4E-44E54AEF838B}.CI|iPhone.ActiveCfg = Debug|Any CPU
		{76B0C29A-860E-4E24-8E4E-44E54AEF838B}.CI|iPhoneSimulator.ActiveCfg = Debug|Any CPU
		{76B0C29A-860E-4E24-8E4E-44E54AEF838B}.CI|Mixed Platforms.ActiveCfg = Debug|Any CPU
		{76B0C29A-860E-4E24-8E4E-44E54AEF838B}.CI|x64.ActiveCfg = Release|Any CPU
		{76B0C29A-860E-4E24-8E4E-44E54AEF838B}.CI|x86.ActiveCfg = Release|Any CPU
		{76B0C29A-860E-4E24-8E4E-44E54AEF838B}.Debug|Any CPU.ActiveCfg = Debug|Any CPU
		{76B0C29A-860E-4E24-8E4E-44E54AEF838B}.Debug|Any CPU.Build.0 = Debug|Any CPU
		{76B0C29A-860E-4E24-8E4E-44E54AEF838B}.Debug|ARM.ActiveCfg = Debug|Any CPU
		{76B0C29A-860E-4E24-8E4E-44E54AEF838B}.Debug|iPhone.ActiveCfg = Debug|Any CPU
		{76B0C29A-860E-4E24-8E4E-44E54AEF838B}.Debug|iPhoneSimulator.ActiveCfg = Debug|Any CPU
		{76B0C29A-860E-4E24-8E4E-44E54AEF838B}.Debug|Mixed Platforms.ActiveCfg = Debug|Any CPU
		{76B0C29A-860E-4E24-8E4E-44E54AEF838B}.Debug|x64.ActiveCfg = Debug|Any CPU
		{76B0C29A-860E-4E24-8E4E-44E54AEF838B}.Debug|x86.ActiveCfg = Debug|Any CPU
		{76B0C29A-860E-4E24-8E4E-44E54AEF838B}.Release|Any CPU.ActiveCfg = Release|Any CPU
		{76B0C29A-860E-4E24-8E4E-44E54AEF838B}.Release|Any CPU.Build.0 = Release|Any CPU
		{76B0C29A-860E-4E24-8E4E-44E54AEF838B}.Release|ARM.ActiveCfg = Release|Any CPU
		{76B0C29A-860E-4E24-8E4E-44E54AEF838B}.Release|iPhone.ActiveCfg = Release|Any CPU
		{76B0C29A-860E-4E24-8E4E-44E54AEF838B}.Release|iPhoneSimulator.ActiveCfg = Release|Any CPU
		{76B0C29A-860E-4E24-8E4E-44E54AEF838B}.Release|Mixed Platforms.ActiveCfg = Release|Any CPU
		{76B0C29A-860E-4E24-8E4E-44E54AEF838B}.Release|x64.ActiveCfg = Release|Any CPU
		{76B0C29A-860E-4E24-8E4E-44E54AEF838B}.Release|x86.ActiveCfg = Release|Any CPU
	EndGlobalSection
	GlobalSection(SolutionProperties) = preSolution
		HideSolutionNode = FALSE
	EndGlobalSection
	GlobalSection(NestedProjects) = preSolution
		{7EB0D844-7622-4F0D-A103-C326C6FA1293} = {162B0AAB-BC32-45B0-AD07-B7437A005060}
		{2165682B-2B4F-416E-B88F-07C70D5BE84D} = {162B0AAB-BC32-45B0-AD07-B7437A005060}
		{D13FEED6-66AC-4D3F-8A07-1EC40387A0CF} = {162B0AAB-BC32-45B0-AD07-B7437A005060}
		{747706F4-ECBF-4D50-8D72-B0DDCC18395C} = {162B0AAB-BC32-45B0-AD07-B7437A005060}
		{4AF4487D-0C3E-4384-BA68-62CB1680C648} = {162B0AAB-BC32-45B0-AD07-B7437A005060}
		{B061316A-F386-4FE2-93B7-555584234FF8} = {162B0AAB-BC32-45B0-AD07-B7437A005060}
		{C74B2533-6F19-4047-A4D0-434A1FE5F027} = {162B0AAB-BC32-45B0-AD07-B7437A005060}
		{6A9BD7D1-7EF3-44CD-8B39-B4EB0DAADC04} = {162B0AAB-BC32-45B0-AD07-B7437A005060}
		{79E792BB-351D-4CC8-B43E-CF8BF02F6F36} = {20EC3C82-E249-4417-8F7C-3A24D06A8802}
		{9426CD77-75BA-4FC1-BB17-19D687AC12EC} = {20EC3C82-E249-4417-8F7C-3A24D06A8802}
		{76B0C29A-860E-4E24-8E4E-44E54AEF838B} = {20EC3C82-E249-4417-8F7C-3A24D06A8802}
	EndGlobalSection
EndGlobal
